{
  "requires": true,
  "lockfileVersion": 1,
  "dependencies": {
    "zenn-cli": {
      "version": "0.1.144",
      "resolved": "https://registry.npmjs.org/zenn-cli/-/zenn-cli-0.1.144.tgz",
      "integrity": "sha512-vReeYJg2ySjIUKSm5shKdi8rLmMO31Mtk7/xcTJVMSY0sLWJemTgtV8Mcpe1lIvTLKwg5SjfAa3iWjX0HIy3EA=="
    }
  }
}
